
Microsoft Visual Studio Solution File, Format Version 12.00
# Visual Studio Version 17
VisualStudioVersion = 17.4.33213.308
MinimumVisualStudioVersion = 10.0.40219.1
Project("{FAE04EC0-301F-11D3-BF4B-00C04F79EFBC}") = "TaskFormApp", "TaskFormApp\TaskFormApp.csproj", "{508E2EC5-4491-44C0-B3C3-B0EEAF8D2107}"
EndProject
Project("{FAE04EC0-301F-11D3-BF4B-00C04F79EFBC}") = "TaskWebApp.API", "TaskWebApp.API\TaskWebApp.API.csproj", "{8C66ACCD-E234-489F-A220-AF25844B3983}"
EndProject
Global
	GlobalSection(SolutionConfigurationPlatforms) = preSolution
		Debug|Any CPU = Debug|Any CPU
		Release|Any CPU = Release|Any CPU
	EndGlobalSection
	GlobalSection(ProjectConfigurationPlatforms) = postSolution
		{508E2EC5-4491-44C0-B3C3-B0EEAF8D2107}.Debug|Any CPU.ActiveCfg = Debug|Any CPU
		{508E2EC5-4491-44C0-B3C3-B0EEAF8D2107}.Debug|Any CPU.Build.0 = Debug|Any CPU
		{508E2EC5-4491-44C0-B3C3-B0EEAF8D2107}.Release|Any CPU.ActiveCfg = Release|Any CPU
		{508E2EC5-4491-44C0-B3C3-B0EEAF8D2107}.Release|Any CPU.Build.0 = Release|Any CPU
		{8C66ACCD-E234-489F-A220-AF25844B3983}.Debug|Any CPU.ActiveCfg = Debug|Any CPU
		{8C66ACCD-E234-489F-A220-AF25844B3983}.Debug|Any CPU.Build.0 = Debug|Any CPU
		{8C66ACCD-E234-489F-A220-AF25844B3983}.Release|Any CPU.ActiveCfg = Release|Any CPU
		{8C66ACCD-E234-489F-A220-AF25844B3983}.Release|Any CPU.Build.0 = Release|Any CPU
	EndGlobalSection
	GlobalSection(SolutionProperties) = preSolution
		HideSolutionNode = FALSE
	EndGlobalSection
	GlobalSection(ExtensibilityGlobals) = postSolution
		SolutionGuid = {171C5386-2955-4D4E-B7DB-0EEC25120F71}
	EndGlobalSection
EndGlobal
